
Microsoft Visual Studio Solution File, Format Version 12.00
# Visual Studio Version 17
VisualStudioVersion = 17.1.32210.238
MinimumVisualStudioVersion = 10.0.40219.1
Project("{FAE04EC0-301F-11D3-BF4B-00C04F79EFBC}") = "WinFormJuego", "WinFormJuego.csproj", "{118F81B0-1C63-448E-8733-184E15D68092}"
EndProject
Global
	GlobalSection(SolutionConfigurationPlatforms) = preSolution
		Debug|Any CPU = Debug|Any CPU
		Release|Any CPU = Release|Any CPU
	EndGlobalSection
	GlobalSection(ProjectConfigurationPlatforms) = postSolution
		{118F81B0-1C63-448E-8733-184E15D68092}.Debug|Any CPU.ActiveCfg = Debug|Any CPU
		{118F81B0-1C63-448E-8733-184E15D68092}.Debug|Any CPU.Build.0 = Debug|Any CPU
		{118F81B0-1C63-448E-8733-184E15D68092}.Release|Any CPU.ActiveCfg = Release|Any CPU
		{118F81B0-1C63-448E-8733-184E15D68092}.Release|Any CPU.Build.0 = Release|Any CPU
	EndGlobalSection
	GlobalSection(SolutionProperties) = preSolution
		HideSolutionNode = FALSE
	EndGlobalSection
	GlobalSection(ExtensibilityGlobals) = postSolution
		SolutionGuid = {0FD2055D-3184-4A23-8413-6A39647C3993}
	EndGlobalSection
EndGlobal
